
Microsoft Visual Studio Solution File, Format Version 12.00
# Visual Studio Version 16
VisualStudioVersion = 16.0.29326.143
MinimumVisualStudioVersion = 10.0.40219.1
Project("{FAE04EC0-301F-11D3-BF4B-00C04F79EFBC}") = "pract1", "pract1\pract1.csproj", "{1D0461C0-AB6D-4652-9A33-0BF84C985DFE}"
EndProject
Global
	GlobalSection(SolutionConfigurationPlatforms) = preSolution
		Debug|Any CPU = Debug|Any CPU
		Release|Any CPU = Release|Any CPU
	EndGlobalSection
	GlobalSection(ProjectConfigurationPlatforms) = postSolution
		{1D0461C0-AB6D-4652-9A33-0BF84C985DFE}.Debug|Any CPU.ActiveCfg = Debug|Any CPU
		{1D0461C0-AB6D-4652-9A33-0BF84C985DFE}.Debug|Any CPU.Build.0 = Debug|Any CPU
		{1D0461C0-AB6D-4652-9A33-0BF84C985DFE}.Release|Any CPU.ActiveCfg = Release|Any CPU
		{1D0461C0-AB6D-4652-9A33-0BF84C985DFE}.Release|Any CPU.Build.0 = Release|Any CPU
	EndGlobalSection
	GlobalSection(SolutionProperties) = preSolution
		HideSolutionNode = FALSE
	EndGlobalSection
	GlobalSection(ExtensibilityGlobals) = postSolution
		SolutionGuid = {D88E16BF-FD29-4015-9EE8-52E5902F8805}
	EndGlobalSection
EndGlobal
