
Microsoft Visual Studio Solution File, Format Version 12.00
# Visual Studio Version 16
VisualStudioVersion = 16.0.29326.143
MinimumVisualStudioVersion = 10.0.40219.1
Project("{FAE04EC0-301F-11D3-BF4B-00C04F79EFBC}") = "pract3", "pract3\pract3.csproj", "{7E72CEAD-DD20-4137-8FA7-62526A7E7EB1}"
EndProject
Global
	GlobalSection(SolutionConfigurationPlatforms) = preSolution
		Debug|Any CPU = Debug|Any CPU
		Release|Any CPU = Release|Any CPU
	EndGlobalSection
	GlobalSection(ProjectConfigurationPlatforms) = postSolution
		{7E72CEAD-DD20-4137-8FA7-62526A7E7EB1}.Debug|Any CPU.ActiveCfg = Debug|Any CPU
		{7E72CEAD-DD20-4137-8FA7-62526A7E7EB1}.Debug|Any CPU.Build.0 = Debug|Any CPU
		{7E72CEAD-DD20-4137-8FA7-62526A7E7EB1}.Release|Any CPU.ActiveCfg = Release|Any CPU
		{7E72CEAD-DD20-4137-8FA7-62526A7E7EB1}.Release|Any CPU.Build.0 = Release|Any CPU
	EndGlobalSection
	GlobalSection(SolutionProperties) = preSolution
		HideSolutionNode = FALSE
	EndGlobalSection
	GlobalSection(ExtensibilityGlobals) = postSolution
		SolutionGuid = {B943ACD9-0E85-4FFA-BE5E-10B7C1543226}
	EndGlobalSection
EndGlobal
